
Microsoft Visual Studio Solution File, Format Version 12.00
# Visual Studio Version 17
VisualStudioVersion = 17.14.36429.23 d17.14
MinimumVisualStudioVersion = 10.0.40219.1
Project("{8BC9CEB8-8B4A-11D0-8D11-00A0C91BC942}") = "SFML Template", "SFML Template\SFML Template.vcxproj", "{86B24A05-4850-4CE8-9C22-71B6B9D9B12B}"
EndProject
Global
	GlobalSection(SolutionConfigurationPlatforms) = preSolution
		Debug|x64 = Debug|x64
		Debug|x86 = Debug|x86
		Release|x64 = Release|x64
		Release|x86 = Release|x86
	EndGlobalSection
	GlobalSection(ProjectConfigurationPlatforms) = postSolution
		{86B24A05-4850-4CE8-9C22-71B6B9D9B12B}.Debug|x64.ActiveCfg = Debug|x64
		{86B24A05-4850-4CE8-9C22-71B6B9D9B12B}.Debug|x64.Build.0 = Debug|x64
		{86B24A05-4850-4CE8-9C22-71B6B9D9B12B}.Debug|x86.ActiveCfg = Debug|Win32
		{86B24A05-4850-4CE8-9C22-71B6B9D9B12B}.Debug|x86.Build.0 = Debug|Win32
		{86B24A05-4850-4CE8-9C22-71B6B9D9B12B}.Release|x64.ActiveCfg = Release|x64
		{86B24A05-4850-4CE8-9C22-71B6B9D9B12B}.Release|x64.Build.0 = Release|x64
		{86B24A05-4850-4CE8-9C22-71B6B9D9B12B}.Release|x86.ActiveCfg = Release|Win32
		{86B24A05-4850-4CE8-9C22-71B6B9D9B12B}.Release|x86.Build.0 = Release|Win32
	EndGlobalSection
	GlobalSection(SolutionProperties) = preSolution
		HideSolutionNode = FALSE
	EndGlobalSection
	GlobalSection(ExtensibilityGlobals) = postSolution
		SolutionGuid = {07897257-6C57-49E9-B4ED-89A86AAD5D1D}
	EndGlobalSection
EndGlobal
